// !$*UTF8*$!
{
	archiveVersion = 1;
	classes = {
	};
	objectVersion = 77;
	objects = {

/* Begin PBXBuildFile section */
		FDB46D402D384B6700D4F9A6 /* Barion-SDK in Frameworks */ = {isa = PBXBuildFile; productRef = FDB46D3F2D384B6700D4F9A6 /* Barion-SDK */; };
/* End PBXBuildFile section */

/* Begin PBXContainerItemProxy section */
		FDB46D212D384B5000D4F9A6 /* PBXContainerItemProxy */ = {
			isa = PBXContainerItemProxy;
			containerPortal = FDB46D022D384B4F00D4F9A6 /* Project object */;
			proxyType = 1;
			remoteGlobalIDString = FDB46D092D384B4F00D4F9A6;
			remoteInfo = "Barion Demo";
		};
		FDB46D2B2D384B5000D4F9A6 /* PBXContainerItemProxy */ = {
			isa = PBXContainerItemProxy;
			containerPortal = FDB46D022D384B4F00D4F9A6 /* Project object */;
			proxyType = 1;
			remoteGlobalIDString = FDB46D092D384B4F00D4F9A6;
			remoteInfo = "Barion Demo";
		};
/* End PBXContainerItemProxy section */

/* Begin PBXFileReference section */
		FDB46D0A2D384B4F00D4F9A6 /* Barion Demo.app */ = {isa = PBXFileReference; explicitFileType = wrapper.application; includeInIndex = 0; path = "Barion Demo.app"; sourceTree = BUILT_PRODUCTS_DIR; };
		FDB46D202D384B5000D4F9A6 /* Barion DemoTests.xctest */ = {isa = PBXFileReference; explicitFileType = wrapper.cfbundle; includeInIndex = 0; path = "Barion DemoTests.xctest"; sourceTree = BUILT_PRODUCTS_DIR; };
		FDB46D2A2D384B5000D4F9A6 /* Barion DemoUITests.xctest */ = {isa = PBXFileReference; explicitFileType = wrapper.cfbundle; includeInIndex = 0; path = "Barion DemoUITests.xctest"; sourceTree = BUILT_PRODUCTS_DIR; };
/* End PBXFileReference section */

/* Begin PBXFileSystemSynchronizedBuildFileExceptionSet section */
		FDB46D322D384B5000D4F9A6 /* Exceptions for "Barion Demo" folder in "Barion Demo" target */ = {
			isa = PBXFileSystemSynchronizedBuildFileExceptionSet;
			membershipExceptions = (
				Info.plist,
			);
			target = FDB46D092D384B4F00D4F9A6 /* Barion Demo */;
		};
/* End PBXFileSystemSynchronizedBuildFileExceptionSet section */

/* Begin PBXFileSystemSynchronizedRootGroup section */
		FDB46D0C2D384B4F00D4F9A6 /* Barion Demo */ = {
			isa = PBXFileSystemSynchronizedRootGroup;
			exceptions = (
				FDB46D322D384B5000D4F9A6 /* Exceptions for "Barion Demo" folder in "Barion Demo" target */,
			);
			path = "Barion Demo";
			sourceTree = "<group>";
		};
		FDB46D232D384B5000D4F9A6 /* Barion DemoTests */ = {
			isa = PBXFileSystemSynchronizedRootGroup;
			path = "Barion DemoTests";
			sourceTree = "<group>";
		};
		FDB46D2D2D384B5000D4F9A6 /* Barion DemoUITests */ = {
			isa = PBXFileSystemSynchronizedRootGroup;
			path = "Barion DemoUITests";
			sourceTree = "<group>";
		};
/* End PBXFileSystemSynchronizedRootGroup section */

/* Begin PBXFrameworksBuildPhase section */
		FDB46D072D384B4F00D4F9A6 /* Frameworks */ = {
			isa = PBXFrameworksBuildPhase;
			buildActionMask = 2147483647;
			files = (
				FDB46D402D384B6700D4F9A6 /* Barion-SDK in Frameworks */,
			);
			runOnlyForDeploymentPostprocessing = 0;
		};
		FDB46D1D2D384B5000D4F9A6 /* Frameworks */ = {
			isa = PBXFrameworksBuildPhase;
			buildActionMask = 2147483647;
			files = (
			);
			runOnlyForDeploymentPostprocessing = 0;
		};
		FDB46D272D384B5000D4F9A6 /* Frameworks */ = {
			isa = PBXFrameworksBuildPhase;
			buildActionMask = 2147483647;
			files = (
			);
			runOnlyForDeploymentPostprocessing = 0;
		};
/* End PBXFrameworksBuildPhase section */

/* Begin PBXGroup section */
		FDB46D012D384B4F00D4F9A6 = {
			isa = PBXGroup;
			children = (
				FDB46D0C2D384B4F00D4F9A6 /* Barion Demo */,
				FDB46D232D384B5000D4F9A6 /* Barion DemoTests */,
				FDB46D2D2D384B5000D4F9A6 /* Barion DemoUITests */,
				FDB46D0B2D384B4F00D4F9A6 /* Products */,
			);
			sourceTree = "<group>";
		};
		FDB46D0B2D384B4F00D4F9A6 /* Products */ = {
			isa = PBXGroup;
			children = (
				FDB46D0A2D384B4F00D4F9A6 /* Barion Demo.app */,
				FDB46D202D384B5000D4F9A6 /* Barion DemoTests.xctest */,
				FDB46D2A2D384B5000D4F9A6 /* Barion DemoUITests.xctest */,
			);
			name = Products;
			sourceTree = "<group>";
		};
/* End PBXGroup section */

/* Begin PBXNativeTarget section */
		FDB46D092D384B4F00D4F9A6 /* Barion Demo */ = {
			isa = PBXNativeTarget;
			buildConfigurationList = FDB46D332D384B5000D4F9A6 /* Build configuration list for PBXNativeTarget "Barion Demo" */;
			buildPhases = (
				FDB46D062D384B4F00D4F9A6 /* Sources */,
				FDB46D072D384B4F00D4F9A6 /* Frameworks */,
				FDB46D082D384B4F00D4F9A6 /* Resources */,
			);
			buildRules = (
			);
			dependencies = (
			);
			fileSystemSynchronizedGroups = (
				FDB46D0C2D384B4F00D4F9A6 /* Barion Demo */,
			);
			name = "Barion Demo";
			packageProductDependencies = (
				FDB46D3F2D384B6700D4F9A6 /* Barion-SDK */,
			);
			productName = "Barion Demo";
			productReference = FDB46D0A2D384B4F00D4F9A6 /* Barion Demo.app */;
			productType = "com.apple.product-type.application";
		};
		FDB46D1F2D384B5000D4F9A6 /* Barion DemoTests */ = {
			isa = PBXNativeTarget;
			buildConfigurationList = FDB46D382D384B5000D4F9A6 /* Build configuration list for PBXNativeTarget "Barion DemoTests" */;
			buildPhases = (
				FDB46D1C2D384B5000D4F9A6 /* Sources */,
				FDB46D1D2D384B5000D4F9A6 /* Frameworks */,
				FDB46D1E2D384B5000D4F9A6 /* Resources */,
			);
			buildRules = (
			);
			dependencies = (
				FDB46D222D384B5000D4F9A6 /* PBXTargetDependency */,
			);
			fileSystemSynchronizedGroups = (
				FDB46D232D384B5000D4F9A6 /* Barion DemoTests */,
			);
			name = "Barion DemoTests";
			packageProductDependencies = (
			);
			productName = "Barion DemoTests";
			productReference = FDB46D202D384B5000D4F9A6 /* Barion DemoTests.xctest */;
			productType = "com.apple.product-type.bundle.unit-test";
		};
		FDB46D292D384B5000D4F9A6 /* Barion DemoUITests */ = {
			isa = PBXNativeTarget;
			buildConfigurationList = FDB46D3B2D384B5000D4F9A6 /* Build configuration list for PBXNativeTarget "Barion DemoUITests" */;
			buildPhases = (
				FDB46D262D384B5000D4F9A6 /* Sources */,
				FDB46D272D384B5000D4F9A6 /* Frameworks */,
				FDB46D282D384B5000D4F9A6 /* Resources */,
			);
			buildRules = (
			);
			dependencies = (
				FDB46D2C2D384B5000D4F9A6 /* PBXTargetDependency */,
			);
			fileSystemSynchronizedGroups = (
				FDB46D2D2D384B5000D4F9A6 /* Barion DemoUITests */,
			);
			name = "Barion DemoUITests";
			packageProductDependencies = (
			);
			productName = "Barion DemoUITests";
			productReference = FDB46D2A2D384B5000D4F9A6 /* Barion DemoUITests.xctest */;
			productType = "com.apple.product-type.bundle.ui-testing";
		};
/* End PBXNativeTarget section */

/* Begin PBXProject section */
		FDB46D022D384B4F00D4F9A6 /* Project object */ = {
			isa = PBXProject;
			attributes = {
				BuildIndependentTargetsInParallel = 1;
				LastSwiftUpdateCheck = 1620;
				LastUpgradeCheck = 1620;
				TargetAttributes = {
					FDB46D092D384B4F00D4F9A6 = {
						CreatedOnToolsVersion = 16.2;
					};
					FDB46D1F2D384B5000D4F9A6 = {
						CreatedOnToolsVersion = 16.2;
						TestTargetID = FDB46D092D384B4F00D4F9A6;
					};
					FDB46D292D384B5000D4F9A6 = {
						CreatedOnToolsVersion = 16.2;
						TestTargetID = FDB46D092D384B4F00D4F9A6;
					};
				};
			};
			buildConfigurationList = FDB46D052D384B4F00D4F9A6 /* Build configuration list for PBXProject "Barion Demo" */;
			developmentRegion = en;
			hasScannedForEncodings = 0;
			knownRegions = (
				en,
				Base,
			);
			mainGroup = FDB46D012D384B4F00D4F9A6;
			minimizedProjectReferenceProxies = 1;
			packageReferences = (
				FDB46D3E2D384B6700D4F9A6 /* XCRemoteSwiftPackageReference "barion-ios" */,
			);
			preferredProjectObjectVersion = 77;
			productRefGroup = FDB46D0B2D384B4F00D4F9A6 /* Products */;
			projectDirPath = "";
			projectRoot = "";
			targets = (
				FDB46D092D384B4F00D4F9A6 /* Barion Demo */,
				FDB46D1F2D384B5000D4F9A6 /* Barion DemoTests */,
				FDB46D292D384B5000D4F9A6 /* Barion DemoUITests */,
			);
		};
/* End PBXProject section */

/* Begin PBXResourcesBuildPhase section */
		FDB46D082D384B4F00D4F9A6 /* Resources */ = {
			isa = PBXResourcesBuildPhase;
			buildActionMask = 2147483647;
			files = (
			);
			runOnlyForDeploymentPostprocessing = 0;
		};
		FDB46D1E2D384B5000D4F9A6 /* Resources */ = {
			isa = PBXResourcesBuildPhase;
			buildActionMask = 2147483647;
			files = (
			);
			runOnlyForDeploymentPostprocessing = 0;
		};
		FDB46D282D384B5000D4F9A6 /* Resources */ = {
			isa = PBXResourcesBuildPhase;
			buildActionMask = 2147483647;
			files = (
			);
			runOnlyForDeploymentPostprocessing = 0;
		};
/* End PBXResourcesBuildPhase section */

/* Begin PBXSourcesBuildPhase section */
		FDB46D062D384B4F00D4F9A6 /* Sources */ = {
			isa = PBXSourcesBuildPhase;
			buildActionMask = 2147483647;
			files = (
			);
			runOnlyForDeploymentPostprocessing = 0;
		};
		FDB46D1C2D384B5000D4F9A6 /* Sources */ = {
			isa = PBXSourcesBuildPhase;
			buildActionMask = 2147483647;
			files = (
			);
			runOnlyForDeploymentPostprocessing = 0;
		};
		FDB46D262D384B5000D4F9A6 /* Sources */ = {
			isa = PBXSourcesBuildPhase;
			buildActionMask = 2147483647;
			files = (
			);
			runOnlyForDeploymentPostprocessing = 0;
		};
/* End PBXSourcesBuildPhase section */

/* Begin PBXTargetDependency section */
		FDB46D222D384B5000D4F9A6 /* PBXTargetDependency */ = {
			isa = PBXTargetDependency;
			target = FDB46D092D384B4F00D4F9A6 /* Barion Demo */;
			targetProxy = FDB46D212D384B5000D4F9A6 /* PBXContainerItemProxy */;
		};
		FDB46D2C2D384B5000D4F9A6 /* PBXTargetDependency */ = {
			isa = PBXTargetDependency;
			target = FDB46D092D384B4F00D4F9A6 /* Barion Demo */;
			targetProxy = FDB46D2B2D384B5000D4F9A6 /* PBXContainerItemProxy */;
		};
/* End PBXTargetDependency section */

/* Begin XCBuildConfiguration section */
		FDB46D342D384B5000D4F9A6 /* Debug */ = {
			isa = XCBuildConfiguration;
			buildSettings = {
				ASSETCATALOG_COMPILER_APPICON_NAME = AppIcon;
				ASSETCATALOG_COMPILER_GLOBAL_ACCENT_COLOR_NAME = AccentColor;
				CODE_SIGN_STYLE = Automatic;
				CURRENT_PROJECT_VERSION = 1;
				DEVELOPMENT_TEAM = MJZ8XNV2N3;
				GENERATE_INFOPLIST_FILE = YES;
				INFOPLIST_FILE = "Barion Demo/Info.plist";
				INFOPLIST_KEY_NSCameraUsageDescription = "We need camera to scan your card";
				INFOPLIST_KEY_UIApplicationSupportsIndirectInputEvents = YES;
				INFOPLIST_KEY_UILaunchStoryboardName = LaunchScreen;
				INFOPLIST_KEY_UIMainStoryboardFile = Main;
				INFOPLIST_KEY_UISupportedInterfaceOrientations_iPad = "UIInterfaceOrientationPortrait UIInterfaceOrientationPortraitUpsideDown UIInterfaceOrientationLandscapeLeft UIInterfaceOrientationLandscapeRight";
				INFOPLIST_KEY_UISupportedInterfaceOrientations_iPhone = "UIInterfaceOrientationPortrait UIInterfaceOrientationLandscapeLeft UIInterfaceOrientationLandscapeRight";
				LD_RUNPATH_SEARCH_PATHS = (
					"$(inherited)",
					"@executable_path/Frameworks",
				);
				MARKETING_VERSION = 1.0;
				PRODUCT_BUNDLE_IDENTIFIER = "com.sensenet.Barion-Demo";
				PRODUCT_NAME = "$(TARGET_NAME)";
				SWIFT_EMIT_LOC_STRINGS = YES;
				SWIFT_VERSION = 5.0;
				TARGETED_DEVICE_FAMILY = "1,2";
			};
			name = Debug;
		};
		FDB46D352D384B5000D4F9A6 /* Release */ = {
			isa = XCBuildConfiguration;
			buildSettings = {
				ASSETCATALOG_COMPILER_APPICON_NAME = AppIcon;
				ASSETCATALOG_COMPILER_GLOBAL_ACCENT_COLOR_NAME = AccentColor;
				CODE_SIGN_STYLE = Automatic;
				CURRENT_PROJECT_VERSION = 1;
				DEVELOPMENT_TEAM = MJZ8XNV2N3;
				GENERATE_INFOPLIST_FILE = YES;
				INFOPLIST_FILE = "Barion Demo/Info.plist";
				INFOPLIST_KEY_NSCameraUsageDescription = "We need camera to scan your card";
				INFOPLIST_KEY_UIApplicationSupportsIndirectInputEvents = YES;
				INFOPLIST_KEY_UILaunchStoryboardName = LaunchScreen;
				INFOPLIST_KEY_UIMainStoryboardFile = Main;
				INFOPLIST_KEY_UISupportedInterfaceOrientations_iPad = "UIInterfaceOrientationPortrait UIInterfaceOrientationPortraitUpsideDown UIInterfaceOrientationLandscapeLeft UIInterfaceOrientationLandscapeRight";
				INFOPLIST_KEY_UISupportedInterfaceOrientations_iPhone = "UIInterfaceOrientationPortrait UIInterfaceOrientationLandscapeLeft UIInterfaceOrientationLandscapeRight";
				LD_RUNPATH_SEARCH_PATHS = (
					"$(inherited)",
					"@executable_path/Frameworks",
				);
				MARKETING_VERSION = 1.0;
				PRODUCT_BUNDLE_IDENTIFIER = "com.sensenet.Barion-Demo";
				PRODUCT_NAME = "$(TARGET_NAME)";
				SWIFT_EMIT_LOC_STRINGS = YES;
				SWIFT_VERSION = 5.0;
				TARGETED_DEVICE_FAMILY = "1,2";
			};
			name = Release;
		};
		FDB46D362D384B5000D4F9A6 /* Debug */ = {
			isa = XCBuildConfiguration;
			buildSettings = {
				ALWAYS_SEARCH_USER_PATHS = NO;
				ASSETCATALOG_COMPILER_GENERATE_SWIFT_ASSET_SYMBOL_EXTENSIONS = YES;
				CLANG_ANALYZER_NONNULL = YES;
				CLANG_ANALYZER_NUMBER_OBJECT_CONVERSION = YES_AGGRESSIVE;
				CLANG_CXX_LANGUAGE_STANDARD = "gnu++20";
				CLANG_ENABLE_MODULES = YES;
				CLANG_ENABLE_OBJC_ARC = YES;
				CLANG_ENABLE_OBJC_WEAK = YES;
				CLANG_WARN_BLOCK_CAPTURE_AUTORELEASING = YES;
				CLANG_WARN_BOOL_CONVERSION = YES;
				CLANG_WARN_COMMA = YES;
				CLANG_WARN_CONSTANT_CONVERSION = YES;
				CLANG_WARN_DEPRECATED_OBJC_IMPLEMENTATIONS = YES;
				CLANG_WARN_DIRECT_OBJC_ISA_USAGE = YES_ERROR;
				CLANG_WARN_DOCUMENTATION_COMMENTS = YES;
				CLANG_WARN_EMPTY_BODY = YES;
				CLANG_WARN_ENUM_CONVERSION = YES;
				CLANG_WARN_INFINITE_RECURSION = YES;
				CLANG_WARN_INT_CONVERSION = YES;
				CLANG_WARN_NON_LITERAL_NULL_CONVERSION = YES;
				CLANG_WARN_OBJC_IMPLICIT_RETAIN_SELF = YES;
				CLANG_WARN_OBJC_LITERAL_CONVERSION = YES;
				CLANG_WARN_OBJC_ROOT_CLASS = YES_ERROR;
				CLANG_WARN_QUOTED_INCLUDE_IN_FRAMEWORK_HEADER = YES;
				CLANG_WARN_RANGE_LOOP_ANALYSIS = YES;
				CLANG_WARN_STRICT_PROTOTYPES = YES;
				CLANG_WARN_SUSPICIOUS_MOVE = YES;
				CLANG_WARN_UNGUARDED_AVAILABILITY = YES_AGGRESSIVE;
				CLANG_WARN_UNREACHABLE_CODE = YES;
				CLANG_WARN__DUPLICATE_METHOD_MATCH = YES;
				COPY_PHASE_STRIP = NO;
				DEBUG_INFORMATION_FORMAT = dwarf;
				ENABLE_STRICT_OBJC_MSGSEND = YES;
				ENABLE_TESTABILITY = YES;
				ENABLE_USER_SCRIPT_SANDBOXING = YES;
				GCC_C_LANGUAGE_STANDARD = gnu17;
				GCC_DYNAMIC_NO_PIC = NO;
				GCC_NO_COMMON_BLOCKS = YES;
				GCC_OPTIMIZATION_LEVEL = 0;
				GCC_PREPROCESSOR_DEFINITIONS = (
					"DEBUG=1",
					"$(inherited)",
				);
				GCC_WARN_64_TO_32_BIT_CONVERSION = YES;
				GCC_WARN_ABOUT_RETURN_TYPE = YES_ERROR;
				GCC_WARN_UNDECLARED_SELECTOR = YES;
				GCC_WARN_UNINITIALIZED_AUTOS = YES_AGGRESSIVE;
				GCC_WARN_UNUSED_FUNCTION = YES;
				GCC_WARN_UNUSED_VARIABLE = YES;
				IPHONEOS_DEPLOYMENT_TARGET = 18.2;
				LOCALIZATION_PREFERS_STRING_CATALOGS = YES;
				MTL_ENABLE_DEBUG_INFO = INCLUDE_SOURCE;
				MTL_FAST_MATH = YES;
				ONLY_ACTIVE_ARCH = YES;
				SDKROOT = iphoneos;
				SWIFT_ACTIVE_COMPILATION_CONDITIONS = "DEBUG $(inherited)";
				SWIFT_OPTIMIZATION_LEVEL = "-Onone";
			};
			name = Debug;
		};
		FDB46D372D384B5000D4F9A6 /* Release */ = {
			isa = XCBuildConfiguration;
			buildSettings = {
				ALWAYS_SEARCH_USER_PATHS = NO;
				ASSETCATALOG_COMPILER_GENERATE_SWIFT_ASSET_SYMBOL_EXTENSIONS = YES;
				CLANG_ANALYZER_NONNULL = YES;
				CLANG_ANALYZER_NUMBER_OBJECT_CONVERSION = YES_AGGRESSIVE;
				CLANG_CXX_LANGUAGE_STANDARD = "gnu++20";
				CLANG_ENABLE_MODULES = YES;
				CLANG_ENABLE_OBJC_ARC = YES;
				CLANG_ENABLE_OBJC_WEAK = YES;
				CLANG_WARN_BLOCK_CAPTURE_AUTORELEASING = YES;
				CLANG_WARN_BOOL_CONVERSION = YES;
				CLANG_WARN_COMMA = YES;
				CLANG_WARN_CONSTANT_CONVERSION = YES;
				CLANG_WARN_DEPRECATED_OBJC_IMPLEMENTATIONS = YES;
				CLANG_WARN_DIRECT_OBJC_ISA_USAGE = YES_ERROR;
				CLANG_WARN_DOCUMENTATION_COMMENTS = YES;
				CLANG_WARN_EMPTY_BODY = YES;
				CLANG_WARN_ENUM_CONVERSION = YES;
				CLANG_WARN_INFINITE_RECURSION = YES;
				CLANG_WARN_INT_CONVERSION = YES;
				CLANG_WARN_NON_LITERAL_NULL_CONVERSION = YES;
				CLANG_WARN_OBJC_IMPLICIT_RETAIN_SELF = YES;
				CLANG_WARN_OBJC_LITERAL_CONVERSION = YES;
				CLANG_WARN_OBJC_ROOT_CLASS = YES_ERROR;
				CLANG_WARN_QUOTED_INCLUDE_IN_FRAMEWORK_HEADER = YES;
				CLANG_WARN_RANGE_LOOP_ANALYSIS = YES;
				CLANG_WARN_STRICT_PROTOTYPES = YES;
				CLANG_WARN_SUSPICIOUS_MOVE = YES;
				CLANG_WARN_UNGUARDED_AVAILABILITY = YES_AGGRESSIVE;
				CLANG_WARN_UNREACHABLE_CODE = YES;
				CLANG_WARN__DUPLICATE_METHOD_MATCH = YES;
				COPY_PHASE_STRIP = NO;
				DEBUG_INFORMATION_FORMAT = "dwarf-with-dsym";
				ENABLE_NS_ASSERTIONS = NO;
				ENABLE_STRICT_OBJC_MSGSEND = YES;
				ENABLE_USER_SCRIPT_SANDBOXING = YES;
				GCC_C_LANGUAGE_STANDARD = gnu17;
				GCC_NO_COMMON_BLOCKS = YES;
				GCC_WARN_64_TO_32_BIT_CONVERSION = YES;
				GCC_WARN_ABOUT_RETURN_TYPE = YES_ERROR;
				GCC_WARN_UNDECLARED_SELECTOR = YES;
				GCC_WARN_UNINITIALIZED_AUTOS = YES_AGGRESSIVE;
				GCC_WARN_UNUSED_FUNCTION = YES;
				GCC_WARN_UNUSED_VARIABLE = YES;
				IPHONEOS_DEPLOYMENT_TARGET = 18.2;
				LOCALIZATION_PREFERS_STRING_CATALOGS = YES;
				MTL_ENABLE_DEBUG_INFO = NO;
				MTL_FAST_MATH = YES;
				SDKROOT = iphoneos;
				SWIFT_COMPILATION_MODE = wholemodule;
				VALIDATE_PRODUCT = YES;
			};
			name = Release;
		};
		FDB46D392D384B5000D4F9A6 /* Debug */ = {
			isa = XCBuildConfiguration;
			buildSettings = {
				BUNDLE_LOADER = "$(TEST_HOST)";
				CODE_SIGN_STYLE = Automatic;
				CURRENT_PROJECT_VERSION = 1;
				DEVELOPMENT_TEAM = MJZ8XNV2N3;
				GENERATE_INFOPLIST_FILE = YES;
				IPHONEOS_DEPLOYMENT_TARGET = 18.2;
				MARKETING_VERSION = 1.0;
				PRODUCT_BUNDLE_IDENTIFIER = "com.sensenet.Barion-DemoTests";
				PRODUCT_NAME = "$(TARGET_NAME)";
				SWIFT_EMIT_LOC_STRINGS = NO;
				SWIFT_VERSION = 5.0;
				TARGETED_DEVICE_FAMILY = "1,2";
				TEST_HOST = "$(BUILT_PRODUCTS_DIR)/Barion Demo.app/$(BUNDLE_EXECUTABLE_FOLDER_PATH)/Barion Demo";
			};
			name = Debug;
		};
		FDB46D3A2D384B5000D4F9A6 /* Release */ = {
			isa = XCBuildConfiguration;
			buildSettings = {
				BUNDLE_LOADER = "$(TEST_HOST)";
				CODE_SIGN_STYLE = Automatic;
				CURRENT_PROJECT_VERSION = 1;
				DEVELOPMENT_TEAM = MJZ8XNV2N3;
				GENERATE_INFOPLIST_FILE = YES;
				IPHONEOS_DEPLOYMENT_TARGET = 18.2;
				MARKETING_VERSION = 1.0;
				PRODUCT_BUNDLE_IDENTIFIER = "com.sensenet.Barion-DemoTests";
				PRODUCT_NAME = "$(TARGET_NAME)";
				SWIFT_EMIT_LOC_STRINGS = NO;
				SWIFT_VERSION = 5.0;
				TARGETED_DEVICE_FAMILY = "1,2";
				TEST_HOST = "$(BUILT_PRODUCTS_DIR)/Barion Demo.app/$(BUNDLE_EXECUTABLE_FOLDER_PATH)/Barion Demo";
			};
			name = Release;
		};
		FDB46D3C2D384B5000D4F9A6 /* Debug */ = {
			isa = XCBuildConfiguration;
			buildSettings = {
				CODE_SIGN_STYLE = Automatic;
				CURRENT_PROJECT_VERSION = 1;
				DEVELOPMENT_TEAM = MJZ8XNV2N3;
				GENERATE_INFOPLIST_FILE = YES;
				MARKETING_VERSION = 1.0;
				PRODUCT_BUNDLE_IDENTIFIER = "com.sensenet.Barion-DemoUITests";
				PRODUCT_NAME = "$(TARGET_NAME)";
				SWIFT_EMIT_LOC_STRINGS = NO;
				SWIFT_VERSION = 5.0;
				TARGETED_DEVICE_FAMILY = "1,2";
				TEST_TARGET_NAME = "Barion Demo";
			};
			name = Debug;
		};
		FDB46D3D2D384B5000D4F9A6 /* Release */ = {
			isa = XCBuildConfiguration;
			buildSettings = {
				CODE_SIGN_STYLE = Automatic;
				CURRENT_PROJECT_VERSION = 1;
				DEVELOPMENT_TEAM = MJZ8XNV2N3;
				GENERATE_INFOPLIST_FILE = YES;
				MARKETING_VERSION = 1.0;
				PRODUCT_BUNDLE_IDENTIFIER = "com.sensenet.Barion-DemoUITests";
				PRODUCT_NAME = "$(TARGET_NAME)";
				SWIFT_EMIT_LOC_STRINGS = NO;
				SWIFT_VERSION = 5.0;
				TARGETED_DEVICE_FAMILY = "1,2";
				TEST_TARGET_NAME = "Barion Demo";
			};
			name = Release;
		};
/* End XCBuildConfiguration section */

/* Begin XCConfigurationList section */
		FDB46D052D384B4F00D4F9A6 /* Build configuration list for PBXProject "Barion Demo" */ = {
			isa = XCConfigurationList;
			buildConfigurations = (
				FDB46D362D384B5000D4F9A6 /* Debug */,
				FDB46D372D384B5000D4F9A6 /* Release */,
			);
			defaultConfigurationIsVisible = 0;
			defaultConfigurationName = Release;
		};
		FDB46D332D384B5000D4F9A6 /* Build configuration list for PBXNativeTarget "Barion Demo" */ = {
			isa = XCConfigurationList;
			buildConfigurations = (
				FDB46D342D384B5000D4F9A6 /* Debug */,
				FDB46D352D384B5000D4F9A6 /* Release */,
			);
			defaultConfigurationIsVisible = 0;
			defaultConfigurationName = Release;
		};
		FDB46D382D384B5000D4F9A6 /* Build configuration list for PBXNativeTarget "Barion DemoTests" */ = {
			isa = XCConfigurationList;
			buildConfigurations = (
				FDB46D392D384B5000D4F9A6 /* Debug */,
				FDB46D3A2D384B5000D4F9A6 /* Release */,
			);
			defaultConfigurationIsVisible = 0;
			defaultConfigurationName = Release;
		};
		FDB46D3B2D384B5000D4F9A6 /* Build configuration list for PBXNativeTarget "Barion DemoUITests" */ = {
			isa = XCConfigurationList;
			buildConfigurations = (
				FDB46D3C2D384B5000D4F9A6 /* Debug */,
				FDB46D3D2D384B5000D4F9A6 /* Release */,
			);
			defaultConfigurationIsVisible = 0;
			defaultConfigurationName = Release;
		};
/* End XCConfigurationList section */

/* Begin XCRemoteSwiftPackageReference section */
		FDB46D3E2D384B6700D4F9A6 /* XCRemoteSwiftPackageReference "barion-ios" */ = {
			isa = XCRemoteSwiftPackageReference;
			repositoryURL = "git@github.com:barion/barion-ios.git";
			requirement = {
				branch = main;
				kind = branch;
			};
		};
/* End XCRemoteSwiftPackageReference section */

/* Begin XCSwiftPackageProductDependency section */
		FDB46D3F2D384B6700D4F9A6 /* Barion-SDK */ = {
			isa = XCSwiftPackageProductDependency;
			package = FDB46D3E2D384B6700D4F9A6 /* XCRemoteSwiftPackageReference "barion-ios" */;
			productName = "Barion-SDK";
		};
/* End XCSwiftPackageProductDependency section */
	};
	rootObject = FDB46D022D384B4F00D4F9A6 /* Project object */;
}
