// !$*UTF8*$!
{
	archiveVersion = 1;
	classes = {
	};
	objectVersion = 77;
	objects = {

/* Begin PBXBuildFile section */
		FD6B7F8F2D4237B400FF24A6 /* Barion-SDK in Frameworks */ = {isa = PBXBuildFile; productRef = FD6B7F8E2D4237B400FF24A6 /* Barion-SDK */; };
/* End PBXBuildFile section */

/* Begin PBXContainerItemProxy section */
		FD6B7F702D42376100FF24A6 /* PBXContainerItemProxy */ = {
			isa = PBXContainerItemProxy;
			containerPortal = FD6B7F512D42376000FF24A6 /* Project object */;
			proxyType = 1;
			remoteGlobalIDString = FD6B7F582D42376000FF24A6;
			remoteInfo = FastPaymentDemo;
		};
		FD6B7F7A2D42376100FF24A6 /* PBXContainerItemProxy */ = {
			isa = PBXContainerItemProxy;
			containerPortal = FD6B7F512D42376000FF24A6 /* Project object */;
			proxyType = 1;
			remoteGlobalIDString = FD6B7F582D42376000FF24A6;
			remoteInfo = FastPaymentDemo;
		};
/* End PBXContainerItemProxy section */

/* Begin PBXFileReference section */
		FD6B7F592D42376000FF24A6 /* FastPaymentDemo.app */ = {isa = PBXFileReference; explicitFileType = wrapper.application; includeInIndex = 0; path = FastPaymentDemo.app; sourceTree = BUILT_PRODUCTS_DIR; };
		FD6B7F6F2D42376100FF24A6 /* FastPaymentDemoTests.xctest */ = {isa = PBXFileReference; explicitFileType = wrapper.cfbundle; includeInIndex = 0; path = FastPaymentDemoTests.xctest; sourceTree = BUILT_PRODUCTS_DIR; };
		FD6B7F792D42376100FF24A6 /* FastPaymentDemoUITests.xctest */ = {isa = PBXFileReference; explicitFileType = wrapper.cfbundle; includeInIndex = 0; path = FastPaymentDemoUITests.xctest; sourceTree = BUILT_PRODUCTS_DIR; };
/* End PBXFileReference section */

/* Begin PBXFileSystemSynchronizedBuildFileExceptionSet section */
		FD6B7F812D42376100FF24A6 /* Exceptions for "FastPaymentDemo" folder in "FastPaymentDemo" target */ = {
			isa = PBXFileSystemSynchronizedBuildFileExceptionSet;
			membershipExceptions = (
				Info.plist,
			);
			target = FD6B7F582D42376000FF24A6 /* FastPaymentDemo */;
		};
/* End PBXFileSystemSynchronizedBuildFileExceptionSet section */

/* Begin PBXFileSystemSynchronizedRootGroup section */
		FD6B7F5B2D42376000FF24A6 /* FastPaymentDemo */ = {
			isa = PBXFileSystemSynchronizedRootGroup;
			exceptions = (
				FD6B7F812D42376100FF24A6 /* Exceptions for "FastPaymentDemo" folder in "FastPaymentDemo" target */,
			);
			path = FastPaymentDemo;
			sourceTree = "<group>";
		};
		FD6B7F722D42376100FF24A6 /* FastPaymentDemoTests */ = {
			isa = PBXFileSystemSynchronizedRootGroup;
			path = FastPaymentDemoTests;
			sourceTree = "<group>";
		};
		FD6B7F7C2D42376100FF24A6 /* FastPaymentDemoUITests */ = {
			isa = PBXFileSystemSynchronizedRootGroup;
			path = FastPaymentDemoUITests;
			sourceTree = "<group>";
		};
/* End PBXFileSystemSynchronizedRootGroup section */

/* Begin PBXFrameworksBuildPhase section */
		FD6B7F562D42376000FF24A6 /* Frameworks */ = {
			isa = PBXFrameworksBuildPhase;
			buildActionMask = 2147483647;
			files = (
				FD6B7F8F2D4237B400FF24A6 /* Barion-SDK in Frameworks */,
			);
			runOnlyForDeploymentPostprocessing = 0;
		};
		FD6B7F6C2D42376100FF24A6 /* Frameworks */ = {
			isa = PBXFrameworksBuildPhase;
			buildActionMask = 2147483647;
			files = (
			);
			runOnlyForDeploymentPostprocessing = 0;
		};
		FD6B7F762D42376100FF24A6 /* Frameworks */ = {
			isa = PBXFrameworksBuildPhase;
			buildActionMask = 2147483647;
			files = (
			);
			runOnlyForDeploymentPostprocessing = 0;
		};
/* End PBXFrameworksBuildPhase section */

/* Begin PBXGroup section */
		FD6B7F502D42376000FF24A6 = {
			isa = PBXGroup;
			children = (
				FD6B7F5B2D42376000FF24A6 /* FastPaymentDemo */,
				FD6B7F722D42376100FF24A6 /* FastPaymentDemoTests */,
				FD6B7F7C2D42376100FF24A6 /* FastPaymentDemoUITests */,
				FD6B7F5A2D42376000FF24A6 /* Products */,
			);
			sourceTree = "<group>";
		};
		FD6B7F5A2D42376000FF24A6 /* Products */ = {
			isa = PBXGroup;
			children = (
				FD6B7F592D42376000FF24A6 /* FastPaymentDemo.app */,
				FD6B7F6F2D42376100FF24A6 /* FastPaymentDemoTests.xctest */,
				FD6B7F792D42376100FF24A6 /* FastPaymentDemoUITests.xctest */,
			);
			name = Products;
			sourceTree = "<group>";
		};
/* End PBXGroup section */

/* Begin PBXNativeTarget section */
		FD6B7F582D42376000FF24A6 /* FastPaymentDemo */ = {
			isa = PBXNativeTarget;
			buildConfigurationList = FD6B7F822D42376100FF24A6 /* Build configuration list for PBXNativeTarget "FastPaymentDemo" */;
			buildPhases = (
				FD6B7F552D42376000FF24A6 /* Sources */,
				FD6B7F562D42376000FF24A6 /* Frameworks */,
				FD6B7F572D42376000FF24A6 /* Resources */,
			);
			buildRules = (
			);
			dependencies = (
			);
			fileSystemSynchronizedGroups = (
				FD6B7F5B2D42376000FF24A6 /* FastPaymentDemo */,
			);
			name = FastPaymentDemo;
			packageProductDependencies = (
				FD6B7F8E2D4237B400FF24A6 /* Barion-SDK */,
			);
			productName = FastPaymentDemo;
			productReference = FD6B7F592D42376000FF24A6 /* FastPaymentDemo.app */;
			productType = "com.apple.product-type.application";
		};
		FD6B7F6E2D42376100FF24A6 /* FastPaymentDemoTests */ = {
			isa = PBXNativeTarget;
			buildConfigurationList = FD6B7F872D42376100FF24A6 /* Build configuration list for PBXNativeTarget "FastPaymentDemoTests" */;
			buildPhases = (
				FD6B7F6B2D42376100FF24A6 /* Sources */,
				FD6B7F6C2D42376100FF24A6 /* Frameworks */,
				FD6B7F6D2D42376100FF24A6 /* Resources */,
			);
			buildRules = (
			);
			dependencies = (
				FD6B7F712D42376100FF24A6 /* PBXTargetDependency */,
			);
			fileSystemSynchronizedGroups = (
				FD6B7F722D42376100FF24A6 /* FastPaymentDemoTests */,
			);
			name = FastPaymentDemoTests;
			packageProductDependencies = (
			);
			productName = FastPaymentDemoTests;
			productReference = FD6B7F6F2D42376100FF24A6 /* FastPaymentDemoTests.xctest */;
			productType = "com.apple.product-type.bundle.unit-test";
		};
		FD6B7F782D42376100FF24A6 /* FastPaymentDemoUITests */ = {
			isa = PBXNativeTarget;
			buildConfigurationList = FD6B7F8A2D42376100FF24A6 /* Build configuration list for PBXNativeTarget "FastPaymentDemoUITests" */;
			buildPhases = (
				FD6B7F752D42376100FF24A6 /* Sources */,
				FD6B7F762D42376100FF24A6 /* Frameworks */,
				FD6B7F772D42376100FF24A6 /* Resources */,
			);
			buildRules = (
			);
			dependencies = (
				FD6B7F7B2D42376100FF24A6 /* PBXTargetDependency */,
			);
			fileSystemSynchronizedGroups = (
				FD6B7F7C2D42376100FF24A6 /* FastPaymentDemoUITests */,
			);
			name = FastPaymentDemoUITests;
			packageProductDependencies = (
			);
			productName = FastPaymentDemoUITests;
			productReference = FD6B7F792D42376100FF24A6 /* FastPaymentDemoUITests.xctest */;
			productType = "com.apple.product-type.bundle.ui-testing";
		};
/* End PBXNativeTarget section */

/* Begin PBXProject section */
		FD6B7F512D42376000FF24A6 /* Project object */ = {
			isa = PBXProject;
			attributes = {
				BuildIndependentTargetsInParallel = 1;
				LastSwiftUpdateCheck = 1620;
				LastUpgradeCheck = 1620;
				TargetAttributes = {
					FD6B7F582D42376000FF24A6 = {
						CreatedOnToolsVersion = 16.2;
					};
					FD6B7F6E2D42376100FF24A6 = {
						CreatedOnToolsVersion = 16.2;
						TestTargetID = FD6B7F582D42376000FF24A6;
					};
					FD6B7F782D42376100FF24A6 = {
						CreatedOnToolsVersion = 16.2;
						TestTargetID = FD6B7F582D42376000FF24A6;
					};
				};
			};
			buildConfigurationList = FD6B7F542D42376000FF24A6 /* Build configuration list for PBXProject "FastPaymentDemo" */;
			developmentRegion = en;
			hasScannedForEncodings = 0;
			knownRegions = (
				en,
				Base,
			);
			mainGroup = FD6B7F502D42376000FF24A6;
			minimizedProjectReferenceProxies = 1;
			packageReferences = (
				FD6B7F8D2D4237B400FF24A6 /* XCRemoteSwiftPackageReference "barion-ios" */,
			);
			preferredProjectObjectVersion = 77;
			productRefGroup = FD6B7F5A2D42376000FF24A6 /* Products */;
			projectDirPath = "";
			projectRoot = "";
			targets = (
				FD6B7F582D42376000FF24A6 /* FastPaymentDemo */,
				FD6B7F6E2D42376100FF24A6 /* FastPaymentDemoTests */,
				FD6B7F782D42376100FF24A6 /* FastPaymentDemoUITests */,
			);
		};
/* End PBXProject section */

/* Begin PBXResourcesBuildPhase section */
		FD6B7F572D42376000FF24A6 /* Resources */ = {
			isa = PBXResourcesBuildPhase;
			buildActionMask = 2147483647;
			files = (
			);
			runOnlyForDeploymentPostprocessing = 0;
		};
		FD6B7F6D2D42376100FF24A6 /* Resources */ = {
			isa = PBXResourcesBuildPhase;
			buildActionMask = 2147483647;
			files = (
			);
			runOnlyForDeploymentPostprocessing = 0;
		};
		FD6B7F772D42376100FF24A6 /* Resources */ = {
			isa = PBXResourcesBuildPhase;
			buildActionMask = 2147483647;
			files = (
			);
			runOnlyForDeploymentPostprocessing = 0;
		};
/* End PBXResourcesBuildPhase section */

/* Begin PBXSourcesBuildPhase section */
		FD6B7F552D42376000FF24A6 /* Sources */ = {
			isa = PBXSourcesBuildPhase;
			buildActionMask = 2147483647;
			files = (
			);
			runOnlyForDeploymentPostprocessing = 0;
		};
		FD6B7F6B2D42376100FF24A6 /* Sources */ = {
			isa = PBXSourcesBuildPhase;
			buildActionMask = 2147483647;
			files = (
			);
			runOnlyForDeploymentPostprocessing = 0;
		};
		FD6B7F752D42376100FF24A6 /* Sources */ = {
			isa = PBXSourcesBuildPhase;
			buildActionMask = 2147483647;
			files = (
			);
			runOnlyForDeploymentPostprocessing = 0;
		};
/* End PBXSourcesBuildPhase section */

/* Begin PBXTargetDependency section */
		FD6B7F712D42376100FF24A6 /* PBXTargetDependency */ = {
			isa = PBXTargetDependency;
			target = FD6B7F582D42376000FF24A6 /* FastPaymentDemo */;
			targetProxy = FD6B7F702D42376100FF24A6 /* PBXContainerItemProxy */;
		};
		FD6B7F7B2D42376100FF24A6 /* PBXTargetDependency */ = {
			isa = PBXTargetDependency;
			target = FD6B7F582D42376000FF24A6 /* FastPaymentDemo */;
			targetProxy = FD6B7F7A2D42376100FF24A6 /* PBXContainerItemProxy */;
		};
/* End PBXTargetDependency section */

/* Begin XCBuildConfiguration section */
		FD6B7F832D42376100FF24A6 /* Debug */ = {
			isa = XCBuildConfiguration;
			buildSettings = {
				ASSETCATALOG_COMPILER_APPICON_NAME = AppIcon;
				ASSETCATALOG_COMPILER_GLOBAL_ACCENT_COLOR_NAME = AccentColor;
				CODE_SIGN_STYLE = Automatic;
				CURRENT_PROJECT_VERSION = 1;
				DEVELOPMENT_TEAM = MJZ8XNV2N3;
				GENERATE_INFOPLIST_FILE = YES;
				INFOPLIST_FILE = FastPaymentDemo/Info.plist;
				INFOPLIST_KEY_NSCameraUsageDescription = "We need camera to scan your card";
				INFOPLIST_KEY_UIApplicationSupportsIndirectInputEvents = YES;
				INFOPLIST_KEY_UILaunchStoryboardName = LaunchScreen;
				INFOPLIST_KEY_UIMainStoryboardFile = Main;
				INFOPLIST_KEY_UISupportedInterfaceOrientations_iPad = "UIInterfaceOrientationPortrait UIInterfaceOrientationPortraitUpsideDown UIInterfaceOrientationLandscapeLeft UIInterfaceOrientationLandscapeRight";
				INFOPLIST_KEY_UISupportedInterfaceOrientations_iPhone = "UIInterfaceOrientationPortrait UIInterfaceOrientationLandscapeLeft UIInterfaceOrientationLandscapeRight";
				LD_RUNPATH_SEARCH_PATHS = (
					"$(inherited)",
					"@executable_path/Frameworks",
				);
				MARKETING_VERSION = 1.0;
				PRODUCT_BUNDLE_IDENTIFIER = com.barion.FastPaymentDemo;
				PRODUCT_NAME = "$(TARGET_NAME)";
				SWIFT_EMIT_LOC_STRINGS = YES;
				SWIFT_VERSION = 5.0;
				TARGETED_DEVICE_FAMILY = "1,2";
			};
			name = Debug;
		};
		FD6B7F842D42376100FF24A6 /* Release */ = {
			isa = XCBuildConfiguration;
			buildSettings = {
				ASSETCATALOG_COMPILER_APPICON_NAME = AppIcon;
				ASSETCATALOG_COMPILER_GLOBAL_ACCENT_COLOR_NAME = AccentColor;
				CODE_SIGN_STYLE = Automatic;
				CURRENT_PROJECT_VERSION = 1;
				DEVELOPMENT_TEAM = MJZ8XNV2N3;
				GENERATE_INFOPLIST_FILE = YES;
				INFOPLIST_FILE = FastPaymentDemo/Info.plist;
				INFOPLIST_KEY_NSCameraUsageDescription = "We need camera to scan your card";
				INFOPLIST_KEY_UIApplicationSupportsIndirectInputEvents = YES;
				INFOPLIST_KEY_UILaunchStoryboardName = LaunchScreen;
				INFOPLIST_KEY_UIMainStoryboardFile = Main;
				INFOPLIST_KEY_UISupportedInterfaceOrientations_iPad = "UIInterfaceOrientationPortrait UIInterfaceOrientationPortraitUpsideDown UIInterfaceOrientationLandscapeLeft UIInterfaceOrientationLandscapeRight";
				INFOPLIST_KEY_UISupportedInterfaceOrientations_iPhone = "UIInterfaceOrientationPortrait UIInterfaceOrientationLandscapeLeft UIInterfaceOrientationLandscapeRight";
				LD_RUNPATH_SEARCH_PATHS = (
					"$(inherited)",
					"@executable_path/Frameworks",
				);
				MARKETING_VERSION = 1.0;
				PRODUCT_BUNDLE_IDENTIFIER = com.barion.FastPaymentDemo;
				PRODUCT_NAME = "$(TARGET_NAME)";
				SWIFT_EMIT_LOC_STRINGS = YES;
				SWIFT_VERSION = 5.0;
				TARGETED_DEVICE_FAMILY = "1,2";
			};
			name = Release;
		};
		FD6B7F852D42376100FF24A6 /* Debug */ = {
			isa = XCBuildConfiguration;
			buildSettings = {
				ALWAYS_SEARCH_USER_PATHS = NO;
				ASSETCATALOG_COMPILER_GENERATE_SWIFT_ASSET_SYMBOL_EXTENSIONS = YES;
				CLANG_ANALYZER_NONNULL = YES;
				CLANG_ANALYZER_NUMBER_OBJECT_CONVERSION = YES_AGGRESSIVE;
				CLANG_CXX_LANGUAGE_STANDARD = "gnu++20";
				CLANG_ENABLE_MODULES = YES;
				CLANG_ENABLE_OBJC_ARC = YES;
				CLANG_ENABLE_OBJC_WEAK = YES;
				CLANG_WARN_BLOCK_CAPTURE_AUTORELEASING = YES;
				CLANG_WARN_BOOL_CONVERSION = YES;
				CLANG_WARN_COMMA = YES;
				CLANG_WARN_CONSTANT_CONVERSION = YES;
				CLANG_WARN_DEPRECATED_OBJC_IMPLEMENTATIONS = YES;
				CLANG_WARN_DIRECT_OBJC_ISA_USAGE = YES_ERROR;
				CLANG_WARN_DOCUMENTATION_COMMENTS = YES;
				CLANG_WARN_EMPTY_BODY = YES;
				CLANG_WARN_ENUM_CONVERSION = YES;
				CLANG_WARN_INFINITE_RECURSION = YES;
				CLANG_WARN_INT_CONVERSION = YES;
				CLANG_WARN_NON_LITERAL_NULL_CONVERSION = YES;
				CLANG_WARN_OBJC_IMPLICIT_RETAIN_SELF = YES;
				CLANG_WARN_OBJC_LITERAL_CONVERSION = YES;
				CLANG_WARN_OBJC_ROOT_CLASS = YES_ERROR;
				CLANG_WARN_QUOTED_INCLUDE_IN_FRAMEWORK_HEADER = YES;
				CLANG_WARN_RANGE_LOOP_ANALYSIS = YES;
				CLANG_WARN_STRICT_PROTOTYPES = YES;
				CLANG_WARN_SUSPICIOUS_MOVE = YES;
				CLANG_WARN_UNGUARDED_AVAILABILITY = YES_AGGRESSIVE;
				CLANG_WARN_UNREACHABLE_CODE = YES;
				CLANG_WARN__DUPLICATE_METHOD_MATCH = YES;
				COPY_PHASE_STRIP = NO;
				DEBUG_INFORMATION_FORMAT = dwarf;
				ENABLE_STRICT_OBJC_MSGSEND = YES;
				ENABLE_TESTABILITY = YES;
				ENABLE_USER_SCRIPT_SANDBOXING = YES;
				GCC_C_LANGUAGE_STANDARD = gnu17;
				GCC_DYNAMIC_NO_PIC = NO;
				GCC_NO_COMMON_BLOCKS = YES;
				GCC_OPTIMIZATION_LEVEL = 0;
				GCC_PREPROCESSOR_DEFINITIONS = (
					"DEBUG=1",
					"$(inherited)",
				);
				GCC_WARN_64_TO_32_BIT_CONVERSION = YES;
				GCC_WARN_ABOUT_RETURN_TYPE = YES_ERROR;
				GCC_WARN_UNDECLARED_SELECTOR = YES;
				GCC_WARN_UNINITIALIZED_AUTOS = YES_AGGRESSIVE;
				GCC_WARN_UNUSED_FUNCTION = YES;
				GCC_WARN_UNUSED_VARIABLE = YES;
				IPHONEOS_DEPLOYMENT_TARGET = 18.2;
				LOCALIZATION_PREFERS_STRING_CATALOGS = YES;
				MTL_ENABLE_DEBUG_INFO = INCLUDE_SOURCE;
				MTL_FAST_MATH = YES;
				ONLY_ACTIVE_ARCH = YES;
				SDKROOT = iphoneos;
				SWIFT_ACTIVE_COMPILATION_CONDITIONS = "DEBUG $(inherited)";
				SWIFT_OPTIMIZATION_LEVEL = "-Onone";
			};
			name = Debug;
		};
		FD6B7F862D42376100FF24A6 /* Release */ = {
			isa = XCBuildConfiguration;
			buildSettings = {
				ALWAYS_SEARCH_USER_PATHS = NO;
				ASSETCATALOG_COMPILER_GENERATE_SWIFT_ASSET_SYMBOL_EXTENSIONS = YES;
				CLANG_ANALYZER_NONNULL = YES;
				CLANG_ANALYZER_NUMBER_OBJECT_CONVERSION = YES_AGGRESSIVE;
				CLANG_CXX_LANGUAGE_STANDARD = "gnu++20";
				CLANG_ENABLE_MODULES = YES;
				CLANG_ENABLE_OBJC_ARC = YES;
				CLANG_ENABLE_OBJC_WEAK = YES;
				CLANG_WARN_BLOCK_CAPTURE_AUTORELEASING = YES;
				CLANG_WARN_BOOL_CONVERSION = YES;
				CLANG_WARN_COMMA = YES;
				CLANG_WARN_CONSTANT_CONVERSION = YES;
				CLANG_WARN_DEPRECATED_OBJC_IMPLEMENTATIONS = YES;
				CLANG_WARN_DIRECT_OBJC_ISA_USAGE = YES_ERROR;
				CLANG_WARN_DOCUMENTATION_COMMENTS = YES;
				CLANG_WARN_EMPTY_BODY = YES;
				CLANG_WARN_ENUM_CONVERSION = YES;
				CLANG_WARN_INFINITE_RECURSION = YES;
				CLANG_WARN_INT_CONVERSION = YES;
				CLANG_WARN_NON_LITERAL_NULL_CONVERSION = YES;
				CLANG_WARN_OBJC_IMPLICIT_RETAIN_SELF = YES;
				CLANG_WARN_OBJC_LITERAL_CONVERSION = YES;
				CLANG_WARN_OBJC_ROOT_CLASS = YES_ERROR;
				CLANG_WARN_QUOTED_INCLUDE_IN_FRAMEWORK_HEADER = YES;
				CLANG_WARN_RANGE_LOOP_ANALYSIS = YES;
				CLANG_WARN_STRICT_PROTOTYPES = YES;
				CLANG_WARN_SUSPICIOUS_MOVE = YES;
				CLANG_WARN_UNGUARDED_AVAILABILITY = YES_AGGRESSIVE;
				CLANG_WARN_UNREACHABLE_CODE = YES;
				CLANG_WARN__DUPLICATE_METHOD_MATCH = YES;
				COPY_PHASE_STRIP = NO;
				DEBUG_INFORMATION_FORMAT = "dwarf-with-dsym";
				ENABLE_NS_ASSERTIONS = NO;
				ENABLE_STRICT_OBJC_MSGSEND = YES;
				ENABLE_USER_SCRIPT_SANDBOXING = YES;
				GCC_C_LANGUAGE_STANDARD = gnu17;
				GCC_NO_COMMON_BLOCKS = YES;
				GCC_WARN_64_TO_32_BIT_CONVERSION = YES;
				GCC_WARN_ABOUT_RETURN_TYPE = YES_ERROR;
				GCC_WARN_UNDECLARED_SELECTOR = YES;
				GCC_WARN_UNINITIALIZED_AUTOS = YES_AGGRESSIVE;
				GCC_WARN_UNUSED_FUNCTION = YES;
				GCC_WARN_UNUSED_VARIABLE = YES;
				IPHONEOS_DEPLOYMENT_TARGET = 18.2;
				LOCALIZATION_PREFERS_STRING_CATALOGS = YES;
				MTL_ENABLE_DEBUG_INFO = NO;
				MTL_FAST_MATH = YES;
				SDKROOT = iphoneos;
				SWIFT_COMPILATION_MODE = wholemodule;
				VALIDATE_PRODUCT = YES;
			};
			name = Release;
		};
		FD6B7F882D42376100FF24A6 /* Debug */ = {
			isa = XCBuildConfiguration;
			buildSettings = {
				BUNDLE_LOADER = "$(TEST_HOST)";
				CODE_SIGN_STYLE = Automatic;
				CURRENT_PROJECT_VERSION = 1;
				DEVELOPMENT_TEAM = MJZ8XNV2N3;
				GENERATE_INFOPLIST_FILE = YES;
				IPHONEOS_DEPLOYMENT_TARGET = 18.2;
				MARKETING_VERSION = 1.0;
				PRODUCT_BUNDLE_IDENTIFIER = com.barion.FastPaymentDemoTests;
				PRODUCT_NAME = "$(TARGET_NAME)";
				SWIFT_EMIT_LOC_STRINGS = NO;
				SWIFT_VERSION = 5.0;
				TARGETED_DEVICE_FAMILY = "1,2";
				TEST_HOST = "$(BUILT_PRODUCTS_DIR)/FastPaymentDemo.app/$(BUNDLE_EXECUTABLE_FOLDER_PATH)/FastPaymentDemo";
			};
			name = Debug;
		};
		FD6B7F892D42376100FF24A6 /* Release */ = {
			isa = XCBuildConfiguration;
			buildSettings = {
				BUNDLE_LOADER = "$(TEST_HOST)";
				CODE_SIGN_STYLE = Automatic;
				CURRENT_PROJECT_VERSION = 1;
				DEVELOPMENT_TEAM = MJZ8XNV2N3;
				GENERATE_INFOPLIST_FILE = YES;
				IPHONEOS_DEPLOYMENT_TARGET = 18.2;
				MARKETING_VERSION = 1.0;
				PRODUCT_BUNDLE_IDENTIFIER = com.barion.FastPaymentDemoTests;
				PRODUCT_NAME = "$(TARGET_NAME)";
				SWIFT_EMIT_LOC_STRINGS = NO;
				SWIFT_VERSION = 5.0;
				TARGETED_DEVICE_FAMILY = "1,2";
				TEST_HOST = "$(BUILT_PRODUCTS_DIR)/FastPaymentDemo.app/$(BUNDLE_EXECUTABLE_FOLDER_PATH)/FastPaymentDemo";
			};
			name = Release;
		};
		FD6B7F8B2D42376100FF24A6 /* Debug */ = {
			isa = XCBuildConfiguration;
			buildSettings = {
				CODE_SIGN_STYLE = Automatic;
				CURRENT_PROJECT_VERSION = 1;
				DEVELOPMENT_TEAM = MJZ8XNV2N3;
				GENERATE_INFOPLIST_FILE = YES;
				MARKETING_VERSION = 1.0;
				PRODUCT_BUNDLE_IDENTIFIER = com.barion.FastPaymentDemoUITests;
				PRODUCT_NAME = "$(TARGET_NAME)";
				SWIFT_EMIT_LOC_STRINGS = NO;
				SWIFT_VERSION = 5.0;
				TARGETED_DEVICE_FAMILY = "1,2";
				TEST_TARGET_NAME = FastPaymentDemo;
			};
			name = Debug;
		};
		FD6B7F8C2D42376100FF24A6 /* Release */ = {
			isa = XCBuildConfiguration;
			buildSettings = {
				CODE_SIGN_STYLE = Automatic;
				CURRENT_PROJECT_VERSION = 1;
				DEVELOPMENT_TEAM = MJZ8XNV2N3;
				GENERATE_INFOPLIST_FILE = YES;
				MARKETING_VERSION = 1.0;
				PRODUCT_BUNDLE_IDENTIFIER = com.barion.FastPaymentDemoUITests;
				PRODUCT_NAME = "$(TARGET_NAME)";
				SWIFT_EMIT_LOC_STRINGS = NO;
				SWIFT_VERSION = 5.0;
				TARGETED_DEVICE_FAMILY = "1,2";
				TEST_TARGET_NAME = FastPaymentDemo;
			};
			name = Release;
		};
/* End XCBuildConfiguration section */

/* Begin XCConfigurationList section */
		FD6B7F542D42376000FF24A6 /* Build configuration list for PBXProject "FastPaymentDemo" */ = {
			isa = XCConfigurationList;
			buildConfigurations = (
				FD6B7F852D42376100FF24A6 /* Debug */,
				FD6B7F862D42376100FF24A6 /* Release */,
			);
			defaultConfigurationIsVisible = 0;
			defaultConfigurationName = Release;
		};
		FD6B7F822D42376100FF24A6 /* Build configuration list for PBXNativeTarget "FastPaymentDemo" */ = {
			isa = XCConfigurationList;
			buildConfigurations = (
				FD6B7F832D42376100FF24A6 /* Debug */,
				FD6B7F842D42376100FF24A6 /* Release */,
			);
			defaultConfigurationIsVisible = 0;
			defaultConfigurationName = Release;
		};
		FD6B7F872D42376100FF24A6 /* Build configuration list for PBXNativeTarget "FastPaymentDemoTests" */ = {
			isa = XCConfigurationList;
			buildConfigurations = (
				FD6B7F882D42376100FF24A6 /* Debug */,
				FD6B7F892D42376100FF24A6 /* Release */,
			);
			defaultConfigurationIsVisible = 0;
			defaultConfigurationName = Release;
		};
		FD6B7F8A2D42376100FF24A6 /* Build configuration list for PBXNativeTarget "FastPaymentDemoUITests" */ = {
			isa = XCConfigurationList;
			buildConfigurations = (
				FD6B7F8B2D42376100FF24A6 /* Debug */,
				FD6B7F8C2D42376100FF24A6 /* Release */,
			);
			defaultConfigurationIsVisible = 0;
			defaultConfigurationName = Release;
		};
/* End XCConfigurationList section */

/* Begin XCRemoteSwiftPackageReference section */
		FD6B7F8D2D4237B400FF24A6 /* XCRemoteSwiftPackageReference "barion-ios" */ = {
			isa = XCRemoteSwiftPackageReference;
			repositoryURL = "git@github.com:barion/barion-ios.git";
			requirement = {
				branch = main;
				kind = branch;
			};
		};
/* End XCRemoteSwiftPackageReference section */

/* Begin XCSwiftPackageProductDependency section */
		FD6B7F8E2D4237B400FF24A6 /* Barion-SDK */ = {
			isa = XCSwiftPackageProductDependency;
			package = FD6B7F8D2D4237B400FF24A6 /* XCRemoteSwiftPackageReference "barion-ios" */;
			productName = "Barion-SDK";
		};
/* End XCSwiftPackageProductDependency section */
	};
	rootObject = FD6B7F512D42376000FF24A6 /* Project object */;
}
